
Microsoft Visual Studio Solution File, Format Version 12.00
# Visual Studio Version 17
VisualStudioVersion = 17.14.36717.8
MinimumVisualStudioVersion = 10.0.40219.1
Project("{FAE04EC0-301F-11D3-BF4B-00C04F79EFBC}") = "PromptHub.Web", "PromptHub.Web\PromptHub.Web.csproj", "{319EA233-D11E-4BAC-AED3-D407F43F660A}"
EndProject
Project("{2150E333-8FDC-42A3-9474-1A3956D46DE8}") = ".github", ".github", "{02EA681E-C7D8-13C7-8484-4AC65E1B71E8}"
	ProjectSection(SolutionItems) = preProject
		.github\copilot-instructions.md = .github\copilot-instructions.md
	EndProjectSection
EndProject
Project("{2150E333-8FDC-42A3-9474-1A3956D46DE8}") = "instructions", "instructions", "{2982B20B-BDEC-4FF8-9976-E376A17D3E06}"
	ProjectSection(SolutionItems) = preProject
		.github\instructions\csharp-instructions.md = .github\instructions\csharp-instructions.md
		.github\instructions\razor-instructions.md = .github\instructions\razor-instructions.md
	EndProjectSection
EndProject
Project("{2150E333-8FDC-42A3-9474-1A3956D46DE8}") = "Solution Items", "Solution Items", "{8EC462FD-D22E-90A8-E5CE-7E832BA40C5D}"
	ProjectSection(SolutionItems) = preProject
		LICENSE = LICENSE
		README.md = README.md
	EndProjectSection
EndProject
Project("{FAE04EC0-301F-11D3-BF4B-00C04F79EFBC}") = "PromptHub.Web.UnitTests", "PromptHub.Web.UnitTests\PromptHub.Web.UnitTests.csproj", "{D9A36EAF-FA04-FBB3-24B6-B14743CEB389}"
EndProject
Project("{2150E333-8FDC-42A3-9474-1A3956D46DE8}") = "scripts", "scripts", "{5EA333CD-CAF7-4030-B846-F6D26761046B}"
	ProjectSection(SolutionItems) = preProject
		scripts\1-tablestorage.ps1 = scripts\1-tablestorage.ps1
		scripts\2-verify-entra.ps1 = scripts\2-verify-entra.ps1
		scripts\config.ps1 = scripts\config.ps1
	EndProjectSection
EndProject
Global
	GlobalSection(SolutionConfigurationPlatforms) = preSolution
		Debug|Any CPU = Debug|Any CPU
		Release|Any CPU = Release|Any CPU
	EndGlobalSection
	GlobalSection(ProjectConfigurationPlatforms) = postSolution
		{319EA233-D11E-4BAC-AED3-D407F43F660A}.Debug|Any CPU.ActiveCfg = Debug|Any CPU
		{319EA233-D11E-4BAC-AED3-D407F43F660A}.Debug|Any CPU.Build.0 = Debug|Any CPU
		{319EA233-D11E-4BAC-AED3-D407F43F660A}.Release|Any CPU.ActiveCfg = Release|Any CPU
		{319EA233-D11E-4BAC-AED3-D407F43F660A}.Release|Any CPU.Build.0 = Release|Any CPU
		{D9A36EAF-FA04-FBB3-24B6-B14743CEB389}.Debug|Any CPU.ActiveCfg = Debug|Any CPU
		{D9A36EAF-FA04-FBB3-24B6-B14743CEB389}.Debug|Any CPU.Build.0 = Debug|Any CPU
		{D9A36EAF-FA04-FBB3-24B6-B14743CEB389}.Release|Any CPU.ActiveCfg = Release|Any CPU
		{D9A36EAF-FA04-FBB3-24B6-B14743CEB389}.Release|Any CPU.Build.0 = Release|Any CPU
	EndGlobalSection
	GlobalSection(SolutionProperties) = preSolution
		HideSolutionNode = FALSE
	EndGlobalSection
	GlobalSection(NestedProjects) = preSolution
		{2982B20B-BDEC-4FF8-9976-E376A17D3E06} = {02EA681E-C7D8-13C7-8484-4AC65E1B71E8}
	EndGlobalSection
	GlobalSection(ExtensibilityGlobals) = postSolution
		SolutionGuid = {0ED643F9-4430-431C-86AE-F01550C20CEE}
	EndGlobalSection
EndGlobal
